
Microsoft Visual Studio Solution File, Format Version 12.00
# Visual Studio 14
VisualStudioVersion = 14.0.25420.1
MinimumVisualStudioVersion = 10.0.40219.1
Project("{FAE04EC0-301F-11D3-BF4B-00C04F79EFBC}") = "TeduShop.Common", "TeduShop.Common\TeduShop.Common.csproj", "{0F55B044-B9F2-4265-95F0-A206E702D00E}"
EndProject
Project("{FAE04EC0-301F-11D3-BF4B-00C04F79EFBC}") = "TeduShop.Model", "TeduShop.Model\TeduShop.Model.csproj", "{5699B1D2-B973-40FF-B583-A3B5E7E10962}"
EndProject
Project("{FAE04EC0-301F-11D3-BF4B-00C04F79EFBC}") = "TeduShop.Data", "TeduShop.Data\TeduShop.Data.csproj", "{5FF6C2ED-4EF0-40D6-8B00-44CA368B8704}"
EndProject
Project("{FAE04EC0-301F-11D3-BF4B-00C04F79EFBC}") = "TeduShop.Service", "TeduShop.Service\TeduShop.Service.csproj", "{9A934724-476B-4960-B6D7-23DE576BBA5B}"
EndProject
Project("{FAE04EC0-301F-11D3-BF4B-00C04F79EFBC}") = "TeduShop.Web", "TeduShop.Web\TeduShop.Web.csproj", "{CA5B58B7-FED7-475A-9863-55A9EDC184DB}"
EndProject
Project("{FAE04EC0-301F-11D3-BF4B-00C04F79EFBC}") = "TeduShop.UnitTest", "TeduShop.UnitTest\TeduShop.UnitTest.csproj", "{BBB84D7A-E80B-423A-B882-14C308201C8E}"
EndProject
Global
	GlobalSection(SolutionConfigurationPlatforms) = preSolution
		Debug|Any CPU = Debug|Any CPU
		Release|Any CPU = Release|Any CPU
	EndGlobalSection
	GlobalSection(ProjectConfigurationPlatforms) = postSolution
		{0F55B044-B9F2-4265-95F0-A206E702D00E}.Debug|Any CPU.ActiveCfg = Debug|Any CPU
		{0F55B044-B9F2-4265-95F0-A206E702D00E}.Debug|Any CPU.Build.0 = Debug|Any CPU
		{0F55B044-B9F2-4265-95F0-A206E702D00E}.Release|Any CPU.ActiveCfg = Release|Any CPU
		{0F55B044-B9F2-4265-95F0-A206E702D00E}.Release|Any CPU.Build.0 = Release|Any CPU
		{5699B1D2-B973-40FF-B583-A3B5E7E10962}.Debug|Any CPU.ActiveCfg = Debug|Any CPU
		{5699B1D2-B973-40FF-B583-A3B5E7E10962}.Debug|Any CPU.Build.0 = Debug|Any CPU
		{5699B1D2-B973-40FF-B583-A3B5E7E10962}.Release|Any CPU.ActiveCfg = Release|Any CPU
		{5699B1D2-B973-40FF-B583-A3B5E7E10962}.Release|Any CPU.Build.0 = Release|Any CPU
		{5FF6C2ED-4EF0-40D6-8B00-44CA368B8704}.Debug|Any CPU.ActiveCfg = Debug|Any CPU
		{5FF6C2ED-4EF0-40D6-8B00-44CA368B8704}.Debug|Any CPU.Build.0 = Debug|Any CPU
		{5FF6C2ED-4EF0-40D6-8B00-44CA368B8704}.Release|Any CPU.ActiveCfg = Release|Any CPU
		{5FF6C2ED-4EF0-40D6-8B00-44CA368B8704}.Release|Any CPU.Build.0 = Release|Any CPU
		{9A934724-476B-4960-B6D7-23DE576BBA5B}.Debug|Any CPU.ActiveCfg = Debug|Any CPU
		{9A934724-476B-4960-B6D7-23DE576BBA5B}.Debug|Any CPU.Build.0 = Debug|Any CPU
		{9A934724-476B-4960-B6D7-23DE576BBA5B}.Release|Any CPU.ActiveCfg = Release|Any CPU
		{9A934724-476B-4960-B6D7-23DE576BBA5B}.Release|Any CPU.Build.0 = Release|Any CPU
		{CA5B58B7-FED7-475A-9863-55A9EDC184DB}.Debug|Any CPU.ActiveCfg = Debug|Any CPU
		{CA5B58B7-FED7-475A-9863-55A9EDC184DB}.Debug|Any CPU.Build.0 = Debug|Any CPU
		{CA5B58B7-FED7-475A-9863-55A9EDC184DB}.Release|Any CPU.ActiveCfg = Release|Any CPU
		{CA5B58B7-FED7-475A-9863-55A9EDC184DB}.Release|Any CPU.Build.0 = Release|Any CPU
		{BBB84D7A-E80B-423A-B882-14C308201C8E}.Debug|Any CPU.ActiveCfg = Debug|Any CPU
		{BBB84D7A-E80B-423A-B882-14C308201C8E}.Debug|Any CPU.Build.0 = Debug|Any CPU
		{BBB84D7A-E80B-423A-B882-14C308201C8E}.Release|Any CPU.ActiveCfg = Release|Any CPU
		{BBB84D7A-E80B-423A-B882-14C308201C8E}.Release|Any CPU.Build.0 = Release|Any CPU
	EndGlobalSection
	GlobalSection(SolutionProperties) = preSolution
		HideSolutionNode = FALSE
	EndGlobalSection
EndGlobal
